// !$*UTF8*$!
{
	archiveVersion = 1;
	classes = {
	};
	objectVersion = 46;
	objects = {

/* Begin PBXBuildFile section */
		3527BE131E2F92650049B18A /* AppDelegate.swift in Sources */ = {isa = PBXBuildFile; fileRef = 3527BE121E2F92650049B18A /* AppDelegate.swift */; };
		3527BE151E2F92650049B18A /* MainVC.swift in Sources */ = {isa = PBXBuildFile; fileRef = 3527BE141E2F92650049B18A /* MainVC.swift */; };
		3527BE181E2F92650049B18A /* Main.storyboard in Resources */ = {isa = PBXBuildFile; fileRef = 3527BE161E2F92650049B18A /* Main.storyboard */; };
		3527BE1A1E2F92650049B18A /* Assets.xcassets in Resources */ = {isa = PBXBuildFile; fileRef = 3527BE191E2F92650049B18A /* Assets.xcassets */; };
		3527BE1D1E2F92650049B18A /* LaunchScreen.storyboard in Resources */ = {isa = PBXBuildFile; fileRef = 3527BE1B1E2F92650049B18A /* LaunchScreen.storyboard */; };
		3527BE281E2F98F50049B18A /* Valuta.swift in Sources */ = {isa = PBXBuildFile; fileRef = 3527BE271E2F98F50049B18A /* Valuta.swift */; };
		3527BE2A1E2F9BD30049B18A /* ValutaCell.swift in Sources */ = {isa = PBXBuildFile; fileRef = 3527BE291E2F9BD30049B18A /* ValutaCell.swift */; };
		35DF42341E38B93E00413683 /* HistoryVC.swift in Sources */ = {isa = PBXBuildFile; fileRef = 35DF42331E38B93E00413683 /* HistoryVC.swift */; };
		35E6CD551E39FF53009E6D1B /* ValutaHistCell.swift in Sources */ = {isa = PBXBuildFile; fileRef = 35E6CD541E39FF53009E6D1B /* ValutaHistCell.swift */; };
		35FA4BB81E2FA53D00F094A8 /* Constants.swift in Sources */ = {isa = PBXBuildFile; fileRef = 35FA4BB71E2FA53D00F094A8 /* Constants.swift */; };
		559540F7DDCF4DAD3A6004AF /* Pods_Valutakurser.framework in Frameworks */ = {isa = PBXBuildFile; fileRef = 07DF8FB951A3FDEBDEB619E2 /* Pods_Valutakurser.framework */; };
/* End PBXBuildFile section */

/* Begin PBXFileReference section */
		07DF8FB951A3FDEBDEB619E2 /* Pods_Valutakurser.framework */ = {isa = PBXFileReference; explicitFileType = wrapper.framework; includeInIndex = 0; path = Pods_Valutakurser.framework; sourceTree = BUILT_PRODUCTS_DIR; };
		3527BE0F1E2F92650049B18A /* Valutakurser.app */ = {isa = PBXFileReference; explicitFileType = wrapper.application; includeInIndex = 0; path = Valutakurser.app; sourceTree = BUILT_PRODUCTS_DIR; };
		3527BE121E2F92650049B18A /* AppDelegate.swift */ = {isa = PBXFileReference; lastKnownFileType = sourcecode.swift; path = AppDelegate.swift; sourceTree = "<group>"; };
		3527BE141E2F92650049B18A /* MainVC.swift */ = {isa = PBXFileReference; lastKnownFileType = sourcecode.swift; path = MainVC.swift; sourceTree = "<group>"; };
		3527BE171E2F92650049B18A /* Base */ = {isa = PBXFileReference; lastKnownFileType = file.storyboard; name = Base; path = Base.lproj/Main.storyboard; sourceTree = "<group>"; };
		3527BE191E2F92650049B18A /* Assets.xcassets */ = {isa = PBXFileReference; lastKnownFileType = folder.assetcatalog; path = Assets.xcassets; sourceTree = "<group>"; };
		3527BE1C1E2F92650049B18A /* Base */ = {isa = PBXFileReference; lastKnownFileType = file.storyboard; name = Base; path = Base.lproj/LaunchScreen.storyboard; sourceTree = "<group>"; };
		3527BE1E1E2F92650049B18A /* Info.plist */ = {isa = PBXFileReference; lastKnownFileType = text.plist.xml; path = Info.plist; sourceTree = "<group>"; };
		3527BE271E2F98F50049B18A /* Valuta.swift */ = {isa = PBXFileReference; fileEncoding = 4; lastKnownFileType = sourcecode.swift; path = Valuta.swift; sourceTree = "<group>"; };
		3527BE291E2F9BD30049B18A /* ValutaCell.swift */ = {isa = PBXFileReference; fileEncoding = 4; lastKnownFileType = sourcecode.swift; path = ValutaCell.swift; sourceTree = "<group>"; };
		35DF42331E38B93E00413683 /* HistoryVC.swift */ = {isa = PBXFileReference; fileEncoding = 4; lastKnownFileType = sourcecode.swift; path = HistoryVC.swift; sourceTree = "<group>"; };
		35E6CD541E39FF53009E6D1B /* ValutaHistCell.swift */ = {isa = PBXFileReference; fileEncoding = 4; lastKnownFileType = sourcecode.swift; path = ValutaHistCell.swift; sourceTree = "<group>"; };
		35FA4BB71E2FA53D00F094A8 /* Constants.swift */ = {isa = PBXFileReference; fileEncoding = 4; lastKnownFileType = sourcecode.swift; path = Constants.swift; sourceTree = "<group>"; };
		4210E1E7B8DA87F3F9C44225 /* Pods-Valutakurser.debug.xcconfig */ = {isa = PBXFileReference; includeInIndex = 1; lastKnownFileType = text.xcconfig; name = "Pods-Valutakurser.debug.xcconfig"; path = "Pods/Target Support Files/Pods-Valutakurser/Pods-Valutakurser.debug.xcconfig"; sourceTree = "<group>"; };
		423F4E9F2EBD22874958C84D /* Pods-Valutakurser.release.xcconfig */ = {isa = PBXFileReference; includeInIndex = 1; lastKnownFileType = text.xcconfig; name = "Pods-Valutakurser.release.xcconfig"; path = "Pods/Target Support Files/Pods-Valutakurser/Pods-Valutakurser.release.xcconfig"; sourceTree = "<group>"; };
/* End PBXFileReference section */

/* Begin PBXFrameworksBuildPhase section */
		3527BE0C1E2F92650049B18A /* Frameworks */ = {
			isa = PBXFrameworksBuildPhase;
			buildActionMask = 2147483647;
			files = (
				559540F7DDCF4DAD3A6004AF /* Pods_Valutakurser.framework in Frameworks */,
			);
			runOnlyForDeploymentPostprocessing = 0;
		};
/* End PBXFrameworksBuildPhase section */

/* Begin PBXGroup section */
		3116F85BD68A00F84AF62432 /* Pods */ = {
			isa = PBXGroup;
			children = (
				4210E1E7B8DA87F3F9C44225 /* Pods-Valutakurser.debug.xcconfig */,
				423F4E9F2EBD22874958C84D /* Pods-Valutakurser.release.xcconfig */,
			);
			name = Pods;
			sourceTree = "<group>";
		};
		3527BE061E2F92650049B18A = {
			isa = PBXGroup;
			children = (
				3527BE111E2F92650049B18A /* Valutakurser */,
				3527BE101E2F92650049B18A /* Products */,
				3116F85BD68A00F84AF62432 /* Pods */,
				4B3E1A6A5C45A0DC72E3775C /* Frameworks */,
			);
			sourceTree = "<group>";
		};
		3527BE101E2F92650049B18A /* Products */ = {
			isa = PBXGroup;
			children = (
				3527BE0F1E2F92650049B18A /* Valutakurser.app */,
			);
			name = Products;
			sourceTree = "<group>";
		};
		3527BE111E2F92650049B18A /* Valutakurser */ = {
			isa = PBXGroup;
			children = (
				3527BE251E2F927A0049B18A /* Model */,
				3527BE261E2F92800049B18A /* View */,
				3527BE241E2F92700049B18A /* Controller */,
				3527BE121E2F92650049B18A /* AppDelegate.swift */,
				3527BE161E2F92650049B18A /* Main.storyboard */,
				3527BE191E2F92650049B18A /* Assets.xcassets */,
				3527BE1B1E2F92650049B18A /* LaunchScreen.storyboard */,
				3527BE1E1E2F92650049B18A /* Info.plist */,
				35FA4BB71E2FA53D00F094A8 /* Constants.swift */,
			);
			path = Valutakurser;
			sourceTree = "<group>";
		};
		3527BE241E2F92700049B18A /* Controller */ = {
			isa = PBXGroup;
			children = (
				3527BE141E2F92650049B18A /* MainVC.swift */,
				35DF42331E38B93E00413683 /* HistoryVC.swift */,
			);
			name = Controller;
			sourceTree = "<group>";
		};
		3527BE251E2F927A0049B18A /* Model */ = {
			isa = PBXGroup;
			children = (
				3527BE271E2F98F50049B18A /* Valuta.swift */,
			);
			name = Model;
			sourceTree = "<group>";
		};
		3527BE261E2F92800049B18A /* View */ = {
			isa = PBXGroup;
			children = (
				3527BE291E2F9BD30049B18A /* ValutaCell.swift */,
				35E6CD541E39FF53009E6D1B /* ValutaHistCell.swift */,
			);
			name = View;
			sourceTree = "<group>";
		};
		4B3E1A6A5C45A0DC72E3775C /* Frameworks */ = {
			isa = PBXGroup;
			children = (
				07DF8FB951A3FDEBDEB619E2 /* Pods_Valutakurser.framework */,
			);
			name = Frameworks;
			sourceTree = "<group>";
		};
/* End PBXGroup section */

/* Begin PBXNativeTarget section */
		3527BE0E1E2F92650049B18A /* Valutakurser */ = {
			isa = PBXNativeTarget;
			buildConfigurationList = 3527BE211E2F92650049B18A /* Build configuration list for PBXNativeTarget "Valutakurser" */;
			buildPhases = (
				D6CC3BCE1F97C7C93B758DC4 /* [CP] Check Pods Manifest.lock */,
				3527BE0B1E2F92650049B18A /* Sources */,
				3527BE0C1E2F92650049B18A /* Frameworks */,
				3527BE0D1E2F92650049B18A /* Resources */,
				69AEF4598ABA2474D79CECC4 /* [CP] Embed Pods Frameworks */,
				D56C166B4D3DE20890B561A8 /* [CP] Copy Pods Resources */,
			);
			buildRules = (
			);
			dependencies = (
			);
			name = Valutakurser;
			productName = Valutakurser;
			productReference = 3527BE0F1E2F92650049B18A /* Valutakurser.app */;
			productType = "com.apple.product-type.application";
		};
/* End PBXNativeTarget section */

/* Begin PBXProject section */
		3527BE071E2F92650049B18A /* Project object */ = {
			isa = PBXProject;
			attributes = {
				LastSwiftUpdateCheck = 0820;
				LastUpgradeCheck = 0820;
				ORGANIZATIONNAME = "Martin Weyhe Christiansen";
				TargetAttributes = {
					3527BE0E1E2F92650049B18A = {
						CreatedOnToolsVersion = 8.2.1;
						DevelopmentTeam = 94V86FDS95;
						ProvisioningStyle = Automatic;
					};
				};
			};
			buildConfigurationList = 3527BE0A1E2F92650049B18A /* Build configuration list for PBXProject "Valutakurser" */;
			compatibilityVersion = "Xcode 3.2";
			developmentRegion = English;
			hasScannedForEncodings = 0;
			knownRegions = (
				en,
				Base,
			);
			mainGroup = 3527BE061E2F92650049B18A;
			productRefGroup = 3527BE101E2F92650049B18A /* Products */;
			projectDirPath = "";
			projectRoot = "";
			targets = (
				3527BE0E1E2F92650049B18A /* Valutakurser */,
			);
		};
/* End PBXProject section */

/* Begin PBXResourcesBuildPhase section */
		3527BE0D1E2F92650049B18A /* Resources */ = {
			isa = PBXResourcesBuildPhase;
			buildActionMask = 2147483647;
			files = (
				3527BE1D1E2F92650049B18A /* LaunchScreen.storyboard in Resources */,
				3527BE1A1E2F92650049B18A /* Assets.xcassets in Resources */,
				3527BE181E2F92650049B18A /* Main.storyboard in Resources */,
			);
			runOnlyForDeploymentPostprocessing = 0;
		};
/* End PBXResourcesBuildPhase section */

/* Begin PBXShellScriptBuildPhase section */
		69AEF4598ABA2474D79CECC4 /* [CP] Embed Pods Frameworks */ = {
			isa = PBXShellScriptBuildPhase;
			buildActionMask = 2147483647;
			files = (
			);
			inputPaths = (
			);
			name = "[CP] Embed Pods Frameworks";
			outputPaths = (
			);
			runOnlyForDeploymentPostprocessing = 0;
			shellPath = /bin/sh;
			shellScript = "\"${SRCROOT}/Pods/Target Support Files/Pods-Valutakurser/Pods-Valutakurser-frameworks.sh\"\n";
			showEnvVarsInLog = 0;
		};
		D56C166B4D3DE20890B561A8 /* [CP] Copy Pods Resources */ = {
			isa = PBXShellScriptBuildPhase;
			buildActionMask = 2147483647;
			files = (
			);
			inputPaths = (
			);
			name = "[CP] Copy Pods Resources";
			outputPaths = (
			);
			runOnlyForDeploymentPostprocessing = 0;
			shellPath = /bin/sh;
			shellScript = "\"${SRCROOT}/Pods/Target Support Files/Pods-Valutakurser/Pods-Valutakurser-resources.sh\"\n";
			showEnvVarsInLog = 0;
		};
		D6CC3BCE1F97C7C93B758DC4 /* [CP] Check Pods Manifest.lock */ = {
			isa = PBXShellScriptBuildPhase;
			buildActionMask = 2147483647;
			files = (
			);
			inputPaths = (
			);
			name = "[CP] Check Pods Manifest.lock";
			outputPaths = (
			);
			runOnlyForDeploymentPostprocessing = 0;
			shellPath = /bin/sh;
			shellScript = "diff \"${PODS_ROOT}/../Podfile.lock\" \"${PODS_ROOT}/Manifest.lock\" > /dev/null\nif [ $? != 0 ] ; then\n    # print error to STDERR\n    echo \"error: The sandbox is not in sync with the Podfile.lock. Run 'pod install' or update your CocoaPods installation.\" >&2\n    exit 1\nfi\n";
			showEnvVarsInLog = 0;
		};
/* End PBXShellScriptBuildPhase section */

/* Begin PBXSourcesBuildPhase section */
		3527BE0B1E2F92650049B18A /* Sources */ = {
			isa = PBXSourcesBuildPhase;
			buildActionMask = 2147483647;
			files = (
				35FA4BB81E2FA53D00F094A8 /* Constants.swift in Sources */,
				35DF42341E38B93E00413683 /* HistoryVC.swift in Sources */,
				3527BE2A1E2F9BD30049B18A /* ValutaCell.swift in Sources */,
				3527BE281E2F98F50049B18A /* Valuta.swift in Sources */,
				3527BE151E2F92650049B18A /* MainVC.swift in Sources */,
				3527BE131E2F92650049B18A /* AppDelegate.swift in Sources */,
				35E6CD551E39FF53009E6D1B /* ValutaHistCell.swift in Sources */,
			);
			runOnlyForDeploymentPostprocessing = 0;
		};
/* End PBXSourcesBuildPhase section */

/* Begin PBXVariantGroup section */
		3527BE161E2F92650049B18A /* Main.storyboard */ = {
			isa = PBXVariantGroup;
			children = (
				3527BE171E2F92650049B18A /* Base */,
			);
			name = Main.storyboard;
			sourceTree = "<group>";
		};
		3527BE1B1E2F92650049B18A /* LaunchScreen.storyboard */ = {
			isa = PBXVariantGroup;
			children = (
				3527BE1C1E2F92650049B18A /* Base */,
			);
			name = LaunchScreen.storyboard;
			sourceTree = "<group>";
		};
/* End PBXVariantGroup section */

/* Begin XCBuildConfiguration section */
		3527BE1F1E2F92650049B18A /* Debug */ = {
			isa = XCBuildConfiguration;
			buildSettings = {
				ALWAYS_SEARCH_USER_PATHS = NO;
				CLANG_ANALYZER_NONNULL = YES;
				CLANG_CXX_LANGUAGE_STANDARD = "gnu++0x";
				CLANG_CXX_LIBRARY = "libc++";
				CLANG_ENABLE_MODULES = YES;
				CLANG_ENABLE_OBJC_ARC = YES;
				CLANG_WARN_BOOL_CONVERSION = YES;
				CLANG_WARN_CONSTANT_CONVERSION = YES;
				CLANG_WARN_DIRECT_OBJC_ISA_USAGE = YES_ERROR;
				CLANG_WARN_DOCUMENTATION_COMMENTS = YES;
				CLANG_WARN_EMPTY_BODY = YES;
				CLANG_WARN_ENUM_CONVERSION = YES;
				CLANG_WARN_INFINITE_RECURSION = YES;
				CLANG_WARN_INT_CONVERSION = YES;
				CLANG_WARN_OBJC_ROOT_CLASS = YES_ERROR;
				CLANG_WARN_SUSPICIOUS_MOVE = YES;
				CLANG_WARN_UNREACHABLE_CODE = YES;
				CLANG_WARN__DUPLICATE_METHOD_MATCH = YES;
				"CODE_SIGN_IDENTITY[sdk=iphoneos*]" = "iPhone Developer";
				COPY_PHASE_STRIP = NO;
				DEBUG_INFORMATION_FORMAT = dwarf;
				ENABLE_STRICT_OBJC_MSGSEND = YES;
				ENABLE_TESTABILITY = YES;
				GCC_C_LANGUAGE_STANDARD = gnu99;
				GCC_DYNAMIC_NO_PIC = NO;
				GCC_NO_COMMON_BLOCKS = YES;
				GCC_OPTIMIZATION_LEVEL = 0;
				GCC_PREPROCESSOR_DEFINITIONS = (
					"DEBUG=1",
					"$(inherited)",
				);
				GCC_WARN_64_TO_32_BIT_CONVERSION = YES;
				GCC_WARN_ABOUT_RETURN_TYPE = YES_ERROR;
				GCC_WARN_UNDECLARED_SELECTOR = YES;
				GCC_WARN_UNINITIALIZED_AUTOS = YES_AGGRESSIVE;
				GCC_WARN_UNUSED_FUNCTION = YES;
				GCC_WARN_UNUSED_VARIABLE = YES;
				IPHONEOS_DEPLOYMENT_TARGET = 10.2;
				MTL_ENABLE_DEBUG_INFO = YES;
				ONLY_ACTIVE_ARCH = YES;
				SDKROOT = iphoneos;
				SWIFT_ACTIVE_COMPILATION_CONDITIONS = DEBUG;
				SWIFT_OPTIMIZATION_LEVEL = "-Onone";
			};
			name = Debug;
		};
		3527BE201E2F92650049B18A /* Release */ = {
			isa = XCBuildConfiguration;
			buildSettings = {
				ALWAYS_SEARCH_USER_PATHS = NO;
				CLANG_ANALYZER_NONNULL = YES;
				CLANG_CXX_LANGUAGE_STANDARD = "gnu++0x";
				CLANG_CXX_LIBRARY = "libc++";
				CLANG_ENABLE_MODULES = YES;
				CLANG_ENABLE_OBJC_ARC = YES;
				CLANG_WARN_BOOL_CONVERSION = YES;
				CLANG_WARN_CONSTANT_CONVERSION = YES;
				CLANG_WARN_DIRECT_OBJC_ISA_USAGE = YES_ERROR;
				CLANG_WARN_DOCUMENTATION_COMMENTS = YES;
				CLANG_WARN_EMPTY_BODY = YES;
				CLANG_WARN_ENUM_CONVERSION = YES;
				CLANG_WARN_INFINITE_RECURSION = YES;
				CLANG_WARN_INT_CONVERSION = YES;
				CLANG_WARN_OBJC_ROOT_CLASS = YES_ERROR;
				CLANG_WARN_SUSPICIOUS_MOVE = YES;
				CLANG_WARN_UNREACHABLE_CODE = YES;
				CLANG_WARN__DUPLICATE_METHOD_MATCH = YES;
				"CODE_SIGN_IDENTITY[sdk=iphoneos*]" = "iPhone Developer";
				COPY_PHASE_STRIP = NO;
				DEBUG_INFORMATION_FORMAT = "dwarf-with-dsym";
				ENABLE_NS_ASSERTIONS = NO;
				ENABLE_STRICT_OBJC_MSGSEND = YES;
				GCC_C_LANGUAGE_STANDARD = gnu99;
				GCC_NO_COMMON_BLOCKS = YES;
				GCC_WARN_64_TO_32_BIT_CONVERSION = YES;
				GCC_WARN_ABOUT_RETURN_TYPE = YES_ERROR;
				GCC_WARN_UNDECLARED_SELECTOR = YES;
				GCC_WARN_UNINITIALIZED_AUTOS = YES_AGGRESSIVE;
				GCC_WARN_UNUSED_FUNCTION = YES;
				GCC_WARN_UNUSED_VARIABLE = YES;
				IPHONEOS_DEPLOYMENT_TARGET = 10.2;
				MTL_ENABLE_DEBUG_INFO = NO;
				SDKROOT = iphoneos;
				SWIFT_OPTIMIZATION_LEVEL = "-Owholemodule";
				VALIDATE_PRODUCT = YES;
			};
			name = Release;
		};
		3527BE221E2F92650049B18A /* Debug */ = {
			isa = XCBuildConfiguration;
			baseConfigurationReference = 4210E1E7B8DA87F3F9C44225 /* Pods-Valutakurser.debug.xcconfig */;
			buildSettings = {
				ASSETCATALOG_COMPILER_APPICON_NAME = AppIcon;
				DEVELOPMENT_TEAM = 94V86FDS95;
				INFOPLIST_FILE = Valutakurser/Info.plist;
				LD_RUNPATH_SEARCH_PATHS = "$(inherited) @executable_path/Frameworks";
				PRODUCT_BUNDLE_IDENTIFIER = com.weyhe.Valutakurser;
				PRODUCT_NAME = "$(TARGET_NAME)";
				SWIFT_VERSION = 3.0;
			};
			name = Debug;
		};
		3527BE231E2F92650049B18A /* Release */ = {
			isa = XCBuildConfiguration;
			baseConfigurationReference = 423F4E9F2EBD22874958C84D /* Pods-Valutakurser.release.xcconfig */;
			buildSettings = {
				ASSETCATALOG_COMPILER_APPICON_NAME = AppIcon;
				DEVELOPMENT_TEAM = 94V86FDS95;
				INFOPLIST_FILE = Valutakurser/Info.plist;
				LD_RUNPATH_SEARCH_PATHS = "$(inherited) @executable_path/Frameworks";
				PRODUCT_BUNDLE_IDENTIFIER = com.weyhe.Valutakurser;
				PRODUCT_NAME = "$(TARGET_NAME)";
				SWIFT_VERSION = 3.0;
			};
			name = Release;
		};
/* End XCBuildConfiguration section */

/* Begin XCConfigurationList section */
		3527BE0A1E2F92650049B18A /* Build configuration list for PBXProject "Valutakurser" */ = {
			isa = XCConfigurationList;
			buildConfigurations = (
				3527BE1F1E2F92650049B18A /* Debug */,
				3527BE201E2F92650049B18A /* Release */,
			);
			defaultConfigurationIsVisible = 0;
			defaultConfigurationName = Release;
		};
		3527BE211E2F92650049B18A /* Build configuration list for PBXNativeTarget "Valutakurser" */ = {
			isa = XCConfigurationList;
			buildConfigurations = (
				3527BE221E2F92650049B18A /* Debug */,
				3527BE231E2F92650049B18A /* Release */,
			);
			defaultConfigurationIsVisible = 0;
			defaultConfigurationName = Release;
		};
/* End XCConfigurationList section */
	};
	rootObject = 3527BE071E2F92650049B18A /* Project object */;
}
